
Microsoft Visual Studio Solution File, Format Version 12.00
# Visual Studio Version 16
VisualStudioVersion = 25.0.1705.4
MinimumVisualStudioVersion = 10.0.40219.1
Project("{FAE04EC0-301F-11D3-BF4B-00C04F79EFBC}") = "I247GroupTest", "I247GroupTest\I247GroupTest.csproj", "{62E91360-EB15-4549-897E-B384BBB29757}"
EndProject
Project("{FAE04EC0-301F-11D3-BF4B-00C04F79EFBC}") = "RandomUserApiTests", "RandomUserApiTests\RandomUserApiTests.csproj", "{0084D0FA-C350-494D-B755-77B5B440A0FB}"
EndProject
Global
	GlobalSection(SolutionConfigurationPlatforms) = preSolution
		Debug|Any CPU = Debug|Any CPU
		Release|Any CPU = Release|Any CPU
	EndGlobalSection
	GlobalSection(ProjectConfigurationPlatforms) = postSolution
		{62E91360-EB15-4549-897E-B384BBB29757}.Debug|Any CPU.ActiveCfg = Debug|Any CPU
		{62E91360-EB15-4549-897E-B384BBB29757}.Debug|Any CPU.Build.0 = Debug|Any CPU
		{62E91360-EB15-4549-897E-B384BBB29757}.Release|Any CPU.ActiveCfg = Release|Any CPU
		{62E91360-EB15-4549-897E-B384BBB29757}.Release|Any CPU.Build.0 = Release|Any CPU
		{0084D0FA-C350-494D-B755-77B5B440A0FB}.Debug|Any CPU.ActiveCfg = Debug|Any CPU
		{0084D0FA-C350-494D-B755-77B5B440A0FB}.Debug|Any CPU.Build.0 = Debug|Any CPU
		{0084D0FA-C350-494D-B755-77B5B440A0FB}.Release|Any CPU.ActiveCfg = Release|Any CPU
		{0084D0FA-C350-494D-B755-77B5B440A0FB}.Release|Any CPU.Build.0 = Release|Any CPU
	EndGlobalSection
	GlobalSection(SolutionProperties) = preSolution
		HideSolutionNode = FALSE
	EndGlobalSection
	GlobalSection(ExtensibilityGlobals) = postSolution
		SolutionGuid = {3F805A8D-9A0F-492A-AD64-5E21F65AABE5}
	EndGlobalSection
EndGlobal
